{
  "version": 4,
  "terraform_version": "1.3.7",
  "serial": 51,
  "lineage": "9df032cf-d4bc-e834-af5d-4cbe76e7c53b",
  "outputs": {
    "monitor_ec2_ip": {
      "value": "54.152.39.248",
      "type": "string"
    }
  },
  "resources": [
    {
      "mode": "data",
      "type": "http",
      "name": "my_public_ip",
      "provider": "provider[\"registry.terraform.io/hashicorp/http\"]",
      "instances": [
        {
          "schema_version": 0,
          "attributes": {
            "body": "118.69.73.134\n",
            "ca_cert_pem": null,
            "id": "https://icanhazip.com",
            "insecure": null,
            "method": null,
            "request_body": null,
            "request_headers": null,
            "response_body": "118.69.73.134\n",
            "response_headers": {
              "Access-Control-Allow-Methods": "GET",
              "Access-Control-Allow-Origin": "*",
              "Alt-Svc": "h3=\":443\"; ma=86400, h3-29=\":443\"; ma=86400",
              "Cf-Ray": "7bcd790bef54045c-HKG",
              "Content-Length": "14",
              "Content-Type": "text/plain",
              "Date": "Mon, 24 Apr 2023 09:55:49 GMT",
              "Server": "cloudflare",
              "Set-Cookie": "__cf_bm=aeP6FyJqR7kZy8uso52Co_WrQYOEQmAKGc4edrhjRjQ-1682330149-0-AQH1kSEP2S27usVCcagNeAC4DNSx98sJcIuvMu6FPb8WU9yF2Hzuzz/H462HGpx0xGyX0zRtMzihl4zkFC6TJgY=; path=/; expires=Mon, 24-Apr-23 10:25:49 GMT; domain=.icanhazip.com; HttpOnly; Secure; SameSite=None",
              "Vary": "Accept-Encoding"
            },
            "status_code": 200,
            "url": "https://icanhazip.com"
          },
          "sensitive_attributes": []
        }
      ]
    },
    {
      "mode": "managed",
      "type": "aws_eip",
      "name": "monitor_ec2_public_ip",
      "provider": "provider[\"registry.terraform.io/hashicorp/aws\"]",
      "instances": [
        {
          "schema_version": 0,
          "attributes": {
            "address": null,
            "allocation_id": "eipalloc-02d55f3c3787bed2c",
            "associate_with_private_ip": null,
            "association_id": "eipassoc-0d287bca3462c39d5",
            "carrier_ip": "",
            "customer_owned_ip": "",
            "customer_owned_ipv4_pool": "",
            "domain": "vpc",
            "id": "eipalloc-02d55f3c3787bed2c",
            "instance": "i-06b92b73529b13ff5",
            "network_border_group": "us-east-1",
            "network_interface": "eni-0345afd6950a774dc",
            "private_dns": "ip-10-0-101-163.ec2.internal",
            "private_ip": "10.0.101.163",
            "public_dns": "ec2-54-152-39-248.compute-1.amazonaws.com",
            "public_ip": "54.152.39.248",
            "public_ipv4_pool": "amazon",
            "tags": {
              "Category": "EC2",
              "ProjectName": "IPS"
            },
            "tags_all": {
              "Category": "EC2",
              "ProjectName": "IPS"
            },
            "timeouts": null,
            "vpc": true
          },
          "sensitive_attributes": [],
          "private": "eyJlMmJmYjczMC1lY2FhLTExZTYtOGY4OC0zNDM2M2JjN2M0YzAiOnsiZGVsZXRlIjoxODAwMDAwMDAwMDAsInJlYWQiOjkwMDAwMDAwMDAwMCwidXBkYXRlIjozMDAwMDAwMDAwMDB9fQ==",
          "dependencies": [
            "aws_security_group.ssh_http",
            "data.http.my_public_ip",
            "module.ips_vpc.aws_subnet.public",
            "module.ips_vpc.aws_vpc.this",
            "module.ips_vpc.aws_vpc_ipv4_cidr_block_association.this",
            "module.monitor_ec2.aws_instance.this",
            "module.monitor_ec2.aws_spot_instance_request.this"
          ]
        }
      ]
    },
    {
      "mode": "managed",
      "type": "aws_security_group",
      "name": "ssh_http",
      "provider": "provider[\"registry.terraform.io/hashicorp/aws\"]",
      "instances": [
        {
          "schema_version": 1,
          "attributes": {
            "arn": "arn:aws:ec2:us-east-1:143045177648:security-group/sg-0b8fce7f90c628b9c",
            "description": "Allow SSH and HTTP inbound traffic",
            "egress": [
              {
                "cidr_blocks": [
                  "0.0.0.0/0"
                ],
                "description": "",
                "from_port": 0,
                "ipv6_cidr_blocks": [
                  "::/0"
                ],
                "prefix_list_ids": [],
                "protocol": "-1",
                "security_groups": [],
                "self": false,
                "to_port": 0
              }
            ],
            "id": "sg-0b8fce7f90c628b9c",
            "ingress": [
              {
                "cidr_blocks": [
                  "118.69.73.134/32"
                ],
                "description": "HTTP from My public IP",
                "from_port": 80,
                "ipv6_cidr_blocks": [],
                "prefix_list_ids": [],
                "protocol": "tcp",
                "security_groups": [],
                "self": false,
                "to_port": 80
              },
              {
                "cidr_blocks": [
                  "118.69.73.134/32"
                ],
                "description": "SSH from My public IP",
                "from_port": 22,
                "ipv6_cidr_blocks": [],
                "prefix_list_ids": [],
                "protocol": "tcp",
                "security_groups": [],
                "self": false,
                "to_port": 22
              }
            ],
            "name": "ssh_http",
            "name_prefix": "",
            "owner_id": "143045177648",
            "revoke_rules_on_delete": false,
            "tags": {
              "Category": "VPC",
              "Environment": "Dev",
              "ProjectName": "IPS"
            },
            "tags_all": {
              "Category": "VPC",
              "Environment": "Dev",
              "ProjectName": "IPS"
            },
            "timeouts": null,
            "vpc_id": "vpc-03fbf0d233d1ea4d5"
          },
          "sensitive_attributes": [],
          "private": "eyJlMmJmYjczMC1lY2FhLTExZTYtOGY4OC0zNDM2M2JjN2M0YzAiOnsiY3JlYXRlIjo2MDAwMDAwMDAwMDAsImRlbGV0ZSI6OTAwMDAwMDAwMDAwfSwic2NoZW1hX3ZlcnNpb24iOiIxIn0=",
          "dependencies": [
            "data.http.my_public_ip",
            "module.ips_vpc.aws_vpc.this"
          ]
        }
      ]
    },
    {
      "module": "module.ips_vpc",
      "mode": "managed",
      "type": "aws_default_network_acl",
      "name": "this",
      "provider": "provider[\"registry.terraform.io/hashicorp/aws\"]",
      "instances": [
        {
          "index_key": 0,
          "schema_version": 0,
          "attributes": {
            "arn": "arn:aws:ec2:us-east-1:143045177648:network-acl/acl-0f2c95d45af0b8039",
            "default_network_acl_id": "acl-0f2c95d45af0b8039",
            "egress": [
              {
                "action": "allow",
                "cidr_block": "",
                "from_port": 0,
                "icmp_code": 0,
                "icmp_type": 0,
                "ipv6_cidr_block": "::/0",
                "protocol": "-1",
                "rule_no": 101,
                "to_port": 0
              },
              {
                "action": "allow",
                "cidr_block": "0.0.0.0/0",
                "from_port": 0,
                "icmp_code": 0,
                "icmp_type": 0,
                "ipv6_cidr_block": "",
                "protocol": "-1",
                "rule_no": 100,
                "to_port": 0
              }
            ],
            "id": "acl-0f2c95d45af0b8039",
            "ingress": [
              {
                "action": "allow",
                "cidr_block": "",
                "from_port": 0,
                "icmp_code": 0,
                "icmp_type": 0,
                "ipv6_cidr_block": "::/0",
                "protocol": "-1",
                "rule_no": 101,
                "to_port": 0
              },
              {
                "action": "allow",
                "cidr_block": "0.0.0.0/0",
                "from_port": 0,
                "icmp_code": 0,
                "icmp_type": 0,
                "ipv6_cidr_block": "",
                "protocol": "-1",
                "rule_no": 100,
                "to_port": 0
              }
            ],
            "owner_id": "143045177648",
            "subnet_ids": [
              "subnet-0287522ba0eef2263",
              "subnet-0ec28f907996298de"
            ],
            "tags": {
              "Category": "VPC",
              "Name": "ips-vpc-default",
              "ProjectName": "IPS"
            },
            "tags_all": {
              "Category": "VPC",
              "Name": "ips-vpc-default",
              "ProjectName": "IPS"
            },
            "vpc_id": "vpc-03fbf0d233d1ea4d5"
          },
          "sensitive_attributes": [],
          "private": "bnVsbA==",
          "dependencies": [
            "module.ips_vpc.aws_vpc.this"
          ]
        }
      ]
    },
    {
      "module": "module.ips_vpc",
      "mode": "managed",
      "type": "aws_default_route_table",
      "name": "default",
      "provider": "provider[\"registry.terraform.io/hashicorp/aws\"]",
      "instances": [
        {
          "index_key": 0,
          "schema_version": 0,
          "attributes": {
            "arn": "arn:aws:ec2:us-east-1:143045177648:route-table/rtb-05e6a6f81644d6329",
            "default_route_table_id": "rtb-05e6a6f81644d6329",
            "id": "rtb-05e6a6f81644d6329",
            "owner_id": "143045177648",
            "propagating_vgws": [],
            "route": [],
            "tags": {
              "Category": "VPC",
              "Name": "ips-vpc-default",
              "ProjectName": "IPS"
            },
            "tags_all": {
              "Category": "VPC",
              "Name": "ips-vpc-default",
              "ProjectName": "IPS"
            },
            "timeouts": {
              "create": "5m",
              "update": "5m"
            },
            "vpc_id": "vpc-03fbf0d233d1ea4d5"
          },
          "sensitive_attributes": [],
          "private": "eyJlMmJmYjczMC1lY2FhLTExZTYtOGY4OC0zNDM2M2JjN2M0YzAiOnsiY3JlYXRlIjozMDAwMDAwMDAwMDAsInVwZGF0ZSI6MzAwMDAwMDAwMDAwfX0=",
          "dependencies": [
            "module.ips_vpc.aws_vpc.this"
          ]
        }
      ]
    },
    {
      "module": "module.ips_vpc",
      "mode": "managed",
      "type": "aws_default_security_group",
      "name": "this",
      "provider": "provider[\"registry.terraform.io/hashicorp/aws\"]",
      "instances": [
        {
          "index_key": 0,
          "schema_version": 1,
          "attributes": {
            "arn": "arn:aws:ec2:us-east-1:143045177648:security-group/sg-089931b017e442e7d",
            "description": "default VPC security group",
            "egress": [],
            "id": "sg-089931b017e442e7d",
            "ingress": [],
            "name": "default",
            "name_prefix": "",
            "owner_id": "143045177648",
            "revoke_rules_on_delete": false,
            "tags": {
              "Category": "VPC",
              "Name": "ips-vpc-default",
              "ProjectName": "IPS"
            },
            "tags_all": {
              "Category": "VPC",
              "Name": "ips-vpc-default",
              "ProjectName": "IPS"
            },
            "vpc_id": "vpc-03fbf0d233d1ea4d5"
          },
          "sensitive_attributes": [],
          "private": "eyJzY2hlbWFfdmVyc2lvbiI6IjEifQ==",
          "dependencies": [
            "module.ips_vpc.aws_vpc.this"
          ]
        }
      ]
    },
    {
      "module": "module.ips_vpc",
      "mode": "managed",
      "type": "aws_internet_gateway",
      "name": "this",
      "provider": "provider[\"registry.terraform.io/hashicorp/aws\"]",
      "instances": [
        {
          "index_key": 0,
          "schema_version": 0,
          "attributes": {
            "arn": "arn:aws:ec2:us-east-1:143045177648:internet-gateway/igw-0e45f9a3030bb5849",
            "id": "igw-0e45f9a3030bb5849",
            "owner_id": "143045177648",
            "tags": {
              "Category": "VPC",
              "Name": "ips-vpc",
              "ProjectName": "IPS"
            },
            "tags_all": {
              "Category": "VPC",
              "Name": "ips-vpc",
              "ProjectName": "IPS"
            },
            "timeouts": null,
            "vpc_id": "vpc-03fbf0d233d1ea4d5"
          },
          "sensitive_attributes": [],
          "private": "eyJlMmJmYjczMC1lY2FhLTExZTYtOGY4OC0zNDM2M2JjN2M0YzAiOnsiY3JlYXRlIjoxMjAwMDAwMDAwMDAwLCJkZWxldGUiOjEyMDAwMDAwMDAwMDAsInVwZGF0ZSI6MTIwMDAwMDAwMDAwMH19",
          "dependencies": [
            "module.ips_vpc.aws_vpc.this",
            "module.ips_vpc.aws_vpc_ipv4_cidr_block_association.this"
          ]
        }
      ]
    },
    {
      "module": "module.ips_vpc",
      "mode": "managed",
      "type": "aws_route",
      "name": "public_internet_gateway",
      "provider": "provider[\"registry.terraform.io/hashicorp/aws\"]",
      "instances": [
        {
          "index_key": 0,
          "schema_version": 0,
          "attributes": {
            "carrier_gateway_id": "",
            "core_network_arn": "",
            "destination_cidr_block": "0.0.0.0/0",
            "destination_ipv6_cidr_block": "",
            "destination_prefix_list_id": "",
            "egress_only_gateway_id": "",
            "gateway_id": "igw-0e45f9a3030bb5849",
            "id": "r-rtb-005c3989212271d4f1080289494",
            "instance_id": "",
            "instance_owner_id": "",
            "local_gateway_id": "",
            "nat_gateway_id": "",
            "network_interface_id": "",
            "origin": "CreateRoute",
            "route_table_id": "rtb-005c3989212271d4f",
            "state": "active",
            "timeouts": {
              "create": "5m",
              "delete": null,
              "update": null
            },
            "transit_gateway_id": "",
            "vpc_endpoint_id": "",
            "vpc_peering_connection_id": ""
          },
          "sensitive_attributes": [],
          "private": "eyJlMmJmYjczMC1lY2FhLTExZTYtOGY4OC0zNDM2M2JjN2M0YzAiOnsiY3JlYXRlIjozMDAwMDAwMDAwMDAsImRlbGV0ZSI6MzAwMDAwMDAwMDAwLCJ1cGRhdGUiOjEyMDAwMDAwMDAwMH19",
          "dependencies": [
            "module.ips_vpc.aws_internet_gateway.this",
            "module.ips_vpc.aws_route_table.public",
            "module.ips_vpc.aws_vpc.this",
            "module.ips_vpc.aws_vpc_ipv4_cidr_block_association.this"
          ]
        }
      ]
    },
    {
      "module": "module.ips_vpc",
      "mode": "managed",
      "type": "aws_route_table",
      "name": "private",
      "provider": "provider[\"registry.terraform.io/hashicorp/aws\"]",
      "instances": [
        {
          "index_key": 0,
          "schema_version": 0,
          "attributes": {
            "arn": "arn:aws:ec2:us-east-1:143045177648:route-table/rtb-0d989491f993c6164",
            "id": "rtb-0d989491f993c6164",
            "owner_id": "143045177648",
            "propagating_vgws": [],
            "route": [],
            "tags": {
              "Category": "VPC",
              "Name": "ips-vpc-private-us-east-1a",
              "ProjectName": "IPS"
            },
            "tags_all": {
              "Category": "VPC",
              "Name": "ips-vpc-private-us-east-1a",
              "ProjectName": "IPS"
            },
            "timeouts": null,
            "vpc_id": "vpc-03fbf0d233d1ea4d5"
          },
          "sensitive_attributes": [],
          "private": "eyJlMmJmYjczMC1lY2FhLTExZTYtOGY4OC0zNDM2M2JjN2M0YzAiOnsiY3JlYXRlIjozMDAwMDAwMDAwMDAsImRlbGV0ZSI6MzAwMDAwMDAwMDAwLCJ1cGRhdGUiOjEyMDAwMDAwMDAwMH19",
          "dependencies": [
            "module.ips_vpc.aws_vpc.this",
            "module.ips_vpc.aws_vpc_ipv4_cidr_block_association.this"
          ]
        }
      ]
    },
    {
      "module": "module.ips_vpc",
      "mode": "managed",
      "type": "aws_route_table",
      "name": "public",
      "provider": "provider[\"registry.terraform.io/hashicorp/aws\"]",
      "instances": [
        {
          "index_key": 0,
          "schema_version": 0,
          "attributes": {
            "arn": "arn:aws:ec2:us-east-1:143045177648:route-table/rtb-005c3989212271d4f",
            "id": "rtb-005c3989212271d4f",
            "owner_id": "143045177648",
            "propagating_vgws": [],
            "route": [
              {
                "carrier_gateway_id": "",
                "cidr_block": "0.0.0.0/0",
                "core_network_arn": "",
                "destination_prefix_list_id": "",
                "egress_only_gateway_id": "",
                "gateway_id": "igw-0e45f9a3030bb5849",
                "instance_id": "",
                "ipv6_cidr_block": "",
                "local_gateway_id": "",
                "nat_gateway_id": "",
                "network_interface_id": "",
                "transit_gateway_id": "",
                "vpc_endpoint_id": "",
                "vpc_peering_connection_id": ""
              }
            ],
            "tags": {
              "Category": "VPC",
              "Name": "ips-vpc-public",
              "ProjectName": "IPS"
            },
            "tags_all": {
              "Category": "VPC",
              "Name": "ips-vpc-public",
              "ProjectName": "IPS"
            },
            "timeouts": null,
            "vpc_id": "vpc-03fbf0d233d1ea4d5"
          },
          "sensitive_attributes": [],
          "private": "eyJlMmJmYjczMC1lY2FhLTExZTYtOGY4OC0zNDM2M2JjN2M0YzAiOnsiY3JlYXRlIjozMDAwMDAwMDAwMDAsImRlbGV0ZSI6MzAwMDAwMDAwMDAwLCJ1cGRhdGUiOjEyMDAwMDAwMDAwMH19",
          "dependencies": [
            "module.ips_vpc.aws_vpc.this",
            "module.ips_vpc.aws_vpc_ipv4_cidr_block_association.this"
          ]
        }
      ]
    },
    {
      "module": "module.ips_vpc",
      "mode": "managed",
      "type": "aws_route_table_association",
      "name": "private",
      "provider": "provider[\"registry.terraform.io/hashicorp/aws\"]",
      "instances": [
        {
          "index_key": 0,
          "schema_version": 0,
          "attributes": {
            "gateway_id": "",
            "id": "rtbassoc-0e9720973ebb507b3",
            "route_table_id": "rtb-0d989491f993c6164",
            "subnet_id": "subnet-0287522ba0eef2263",
            "timeouts": null
          },
          "sensitive_attributes": [],
          "private": "eyJlMmJmYjczMC1lY2FhLTExZTYtOGY4OC0zNDM2M2JjN2M0YzAiOnsiY3JlYXRlIjozMDAwMDAwMDAwMDAsImRlbGV0ZSI6MzAwMDAwMDAwMDAwLCJ1cGRhdGUiOjEyMDAwMDAwMDAwMH19",
          "dependencies": [
            "module.ips_vpc.aws_route_table.private",
            "module.ips_vpc.aws_subnet.private",
            "module.ips_vpc.aws_vpc.this",
            "module.ips_vpc.aws_vpc_ipv4_cidr_block_association.this"
          ]
        }
      ]
    },
    {
      "module": "module.ips_vpc",
      "mode": "managed",
      "type": "aws_route_table_association",
      "name": "public",
      "provider": "provider[\"registry.terraform.io/hashicorp/aws\"]",
      "instances": [
        {
          "index_key": 0,
          "schema_version": 0,
          "attributes": {
            "gateway_id": "",
            "id": "rtbassoc-0d9969666c149f049",
            "route_table_id": "rtb-005c3989212271d4f",
            "subnet_id": "subnet-0ec28f907996298de",
            "timeouts": null
          },
          "sensitive_attributes": [],
          "private": "eyJlMmJmYjczMC1lY2FhLTExZTYtOGY4OC0zNDM2M2JjN2M0YzAiOnsiY3JlYXRlIjozMDAwMDAwMDAwMDAsImRlbGV0ZSI6MzAwMDAwMDAwMDAwLCJ1cGRhdGUiOjEyMDAwMDAwMDAwMH19",
          "dependencies": [
            "module.ips_vpc.aws_route_table.public",
            "module.ips_vpc.aws_subnet.public",
            "module.ips_vpc.aws_vpc.this",
            "module.ips_vpc.aws_vpc_ipv4_cidr_block_association.this"
          ]
        }
      ]
    },
    {
      "module": "module.ips_vpc",
      "mode": "managed",
      "type": "aws_subnet",
      "name": "private",
      "provider": "provider[\"registry.terraform.io/hashicorp/aws\"]",
      "instances": [
        {
          "index_key": 0,
          "schema_version": 1,
          "attributes": {
            "arn": "arn:aws:ec2:us-east-1:143045177648:subnet/subnet-0287522ba0eef2263",
            "assign_ipv6_address_on_creation": false,
            "availability_zone": "us-east-1a",
            "availability_zone_id": "use1-az2",
            "cidr_block": "10.0.1.0/24",
            "customer_owned_ipv4_pool": "",
            "enable_dns64": false,
            "enable_lni_at_device_index": 0,
            "enable_resource_name_dns_a_record_on_launch": false,
            "enable_resource_name_dns_aaaa_record_on_launch": false,
            "id": "subnet-0287522ba0eef2263",
            "ipv6_cidr_block": "",
            "ipv6_cidr_block_association_id": "",
            "ipv6_native": false,
            "map_customer_owned_ip_on_launch": false,
            "map_public_ip_on_launch": false,
            "outpost_arn": "",
            "owner_id": "143045177648",
            "private_dns_hostname_type_on_launch": "ip-name",
            "tags": {
              "Category": "VPC",
              "Name": "ips-vpc-private-us-east-1a",
              "ProjectName": "IPS"
            },
            "tags_all": {
              "Category": "VPC",
              "Name": "ips-vpc-private-us-east-1a",
              "ProjectName": "IPS"
            },
            "timeouts": null,
            "vpc_id": "vpc-03fbf0d233d1ea4d5"
          },
          "sensitive_attributes": [],
          "private": "eyJlMmJmYjczMC1lY2FhLTExZTYtOGY4OC0zNDM2M2JjN2M0YzAiOnsiY3JlYXRlIjo2MDAwMDAwMDAwMDAsImRlbGV0ZSI6MTIwMDAwMDAwMDAwMH0sInNjaGVtYV92ZXJzaW9uIjoiMSJ9",
          "dependencies": [
            "module.ips_vpc.aws_vpc.this",
            "module.ips_vpc.aws_vpc_ipv4_cidr_block_association.this"
          ]
        }
      ]
    },
    {
      "module": "module.ips_vpc",
      "mode": "managed",
      "type": "aws_subnet",
      "name": "public",
      "provider": "provider[\"registry.terraform.io/hashicorp/aws\"]",
      "instances": [
        {
          "index_key": 0,
          "schema_version": 1,
          "attributes": {
            "arn": "arn:aws:ec2:us-east-1:143045177648:subnet/subnet-0ec28f907996298de",
            "assign_ipv6_address_on_creation": false,
            "availability_zone": "us-east-1a",
            "availability_zone_id": "use1-az2",
            "cidr_block": "10.0.101.0/24",
            "customer_owned_ipv4_pool": "",
            "enable_dns64": false,
            "enable_lni_at_device_index": 0,
            "enable_resource_name_dns_a_record_on_launch": false,
            "enable_resource_name_dns_aaaa_record_on_launch": false,
            "id": "subnet-0ec28f907996298de",
            "ipv6_cidr_block": "",
            "ipv6_cidr_block_association_id": "",
            "ipv6_native": false,
            "map_customer_owned_ip_on_launch": false,
            "map_public_ip_on_launch": false,
            "outpost_arn": "",
            "owner_id": "143045177648",
            "private_dns_hostname_type_on_launch": "ip-name",
            "tags": {
              "Category": "VPC",
              "Name": "ips-vpc-public-us-east-1a",
              "ProjectName": "IPS"
            },
            "tags_all": {
              "Category": "VPC",
              "Name": "ips-vpc-public-us-east-1a",
              "ProjectName": "IPS"
            },
            "timeouts": null,
            "vpc_id": "vpc-03fbf0d233d1ea4d5"
          },
          "sensitive_attributes": [],
          "private": "eyJlMmJmYjczMC1lY2FhLTExZTYtOGY4OC0zNDM2M2JjN2M0YzAiOnsiY3JlYXRlIjo2MDAwMDAwMDAwMDAsImRlbGV0ZSI6MTIwMDAwMDAwMDAwMH0sInNjaGVtYV92ZXJzaW9uIjoiMSJ9",
          "dependencies": [
            "module.ips_vpc.aws_vpc.this",
            "module.ips_vpc.aws_vpc_ipv4_cidr_block_association.this"
          ]
        }
      ]
    },
    {
      "module": "module.ips_vpc",
      "mode": "managed",
      "type": "aws_vpc",
      "name": "this",
      "provider": "provider[\"registry.terraform.io/hashicorp/aws\"]",
      "instances": [
        {
          "index_key": 0,
          "schema_version": 1,
          "attributes": {
            "arn": "arn:aws:ec2:us-east-1:143045177648:vpc/vpc-03fbf0d233d1ea4d5",
            "assign_generated_ipv6_cidr_block": false,
            "cidr_block": "10.0.0.0/16",
            "default_network_acl_id": "acl-0f2c95d45af0b8039",
            "default_route_table_id": "rtb-05e6a6f81644d6329",
            "default_security_group_id": "sg-089931b017e442e7d",
            "dhcp_options_id": "dopt-0ebe72385c17b5596",
            "enable_classiclink": false,
            "enable_classiclink_dns_support": false,
            "enable_dns_hostnames": true,
            "enable_dns_support": true,
            "enable_network_address_usage_metrics": false,
            "id": "vpc-03fbf0d233d1ea4d5",
            "instance_tenancy": "default",
            "ipv4_ipam_pool_id": null,
            "ipv4_netmask_length": null,
            "ipv6_association_id": "",
            "ipv6_cidr_block": "",
            "ipv6_cidr_block_network_border_group": "",
            "ipv6_ipam_pool_id": "",
            "ipv6_netmask_length": 0,
            "main_route_table_id": "rtb-05e6a6f81644d6329",
            "owner_id": "143045177648",
            "tags": {
              "Category": "VPC",
              "Name": "ips-vpc",
              "ProjectName": "IPS"
            },
            "tags_all": {
              "Category": "VPC",
              "Name": "ips-vpc",
              "ProjectName": "IPS"
            }
          },
          "sensitive_attributes": [],
          "private": "eyJzY2hlbWFfdmVyc2lvbiI6IjEifQ=="
        }
      ]
    },
    {
      "module": "module.monitor_ec2",
      "mode": "managed",
      "type": "aws_instance",
      "name": "this",
      "provider": "provider[\"registry.terraform.io/hashicorp/aws\"]",
      "instances": [
        {
          "index_key": 0,
          "schema_version": 1,
          "attributes": {
            "ami": "ami-007855ac798b5175e",
            "arn": "arn:aws:ec2:us-east-1:143045177648:instance/i-06b92b73529b13ff5",
            "associate_public_ip_address": true,
            "availability_zone": "us-east-1a",
            "capacity_reservation_specification": [
              {
                "capacity_reservation_preference": "open",
                "capacity_reservation_target": []
              }
            ],
            "cpu_core_count": 1,
            "cpu_threads_per_core": 1,
            "credit_specification": [
              {
                "cpu_credits": "standard"
              }
            ],
            "disable_api_stop": false,
            "disable_api_termination": false,
            "ebs_block_device": [],
            "ebs_optimized": false,
            "enclave_options": [
              {
                "enabled": false
              }
            ],
            "ephemeral_block_device": [],
            "get_password_data": false,
            "hibernation": false,
            "host_id": "",
            "host_resource_group_arn": null,
            "iam_instance_profile": "",
            "id": "i-06b92b73529b13ff5",
            "instance_initiated_shutdown_behavior": "stop",
            "instance_state": "running",
            "instance_type": "t2.micro",
            "ipv6_address_count": 0,
            "ipv6_addresses": [],
            "key_name": "mykeypair",
            "launch_template": [],
            "maintenance_options": [
              {
                "auto_recovery": "default"
              }
            ],
            "metadata_options": [
              {
                "http_endpoint": "enabled",
                "http_put_response_hop_limit": 1,
                "http_tokens": "optional",
                "instance_metadata_tags": "disabled"
              }
            ],
            "monitoring": true,
            "network_interface": [],
            "outpost_arn": "",
            "password_data": "",
            "placement_group": "",
            "placement_partition_number": 0,
            "primary_network_interface_id": "eni-0345afd6950a774dc",
            "private_dns": "ip-10-0-101-163.ec2.internal",
            "private_dns_name_options": [
              {
                "enable_resource_name_dns_a_record": false,
                "enable_resource_name_dns_aaaa_record": false,
                "hostname_type": "ip-name"
              }
            ],
            "private_ip": "10.0.101.163",
            "public_dns": "ec2-54-152-39-248.compute-1.amazonaws.com",
            "public_ip": "54.152.39.248",
            "root_block_device": [
              {
                "delete_on_termination": true,
                "device_name": "/dev/sda1",
                "encrypted": false,
                "iops": 100,
                "kms_key_id": "",
                "tags": {},
                "throughput": 0,
                "volume_id": "vol-0b6e3e147f9829576",
                "volume_size": 8,
                "volume_type": "gp2"
              }
            ],
            "secondary_private_ips": [],
            "security_groups": [],
            "source_dest_check": true,
            "subnet_id": "subnet-0ec28f907996298de",
            "tags": {
              "Category": "EC2",
              "Environment": "Dev",
              "Name": "monitor-ec2",
              "ProjectName": "IPS"
            },
            "tags_all": {
              "Category": "EC2",
              "Environment": "Dev",
              "Name": "monitor-ec2",
              "ProjectName": "IPS"
            },
            "tenancy": "default",
            "timeouts": {
              "create": null,
              "delete": null,
              "update": null
            },
            "user_data": null,
            "user_data_base64": "IyEvYmluL2Jhc2gKYXB0LWdldCAteSB1cGRhdGUgJiYgYXB0LWdldCBpbnN0YWxsIC15IHB5dGhvbjMtcGlwICYmIHBpcCBpbnN0YWxsIERqYW5nbwpjZCAvaG9tZS91YnVudHUKZ2l0IGNsb25lIGh0dHBzOi8vQnVpS2ltUGhhdDpnaXRodWJfcGF0XzExQUlRUVVQUTBYblExOEdyMnI2UHBfOW1ncnRtUVgwamlZWWdRbFZKamhaYXNjTEIxaHdlWUg2Wk9KS2FkQ2JReEFKNVpXQUJCbE5NTkpVc3lAZ2l0aHViLmNvbS9CdWlLaW1QaGF0L0lQUy5naXQKY2hvd24gLVIgdWJ1bnR1IElQUy8=",
            "user_data_replace_on_change": false,
            "volume_tags": {
              "Name": "monitor-ec2"
            },
            "vpc_security_group_ids": [
              "sg-0b8fce7f90c628b9c"
            ]
          },
          "sensitive_attributes": [],
          "private": "eyJlMmJmYjczMC1lY2FhLTExZTYtOGY4OC0zNDM2M2JjN2M0YzAiOnsiY3JlYXRlIjo2MDAwMDAwMDAwMDAsImRlbGV0ZSI6MTIwMDAwMDAwMDAwMCwidXBkYXRlIjo2MDAwMDAwMDAwMDB9LCJzY2hlbWFfdmVyc2lvbiI6IjEifQ==",
          "dependencies": [
            "aws_security_group.ssh_http",
            "module.ips_vpc.aws_subnet.public"
          ]
        }
      ]
    }
  ],
  "check_results": null
}
